# This file is automatically @generated by Cargo.
# It is not intended for manual editing.
[[package]]
name = "anyhow"
version = "1.0.38"
source = "registry+https://github.com/rust-lang/crates.io-index"
checksum = "afddf7f520a80dbf76e6f50a35bca42a2331ef227a28b3b6dc5c2e2338d114b1"

[[package]]
name = "custom_hint_section3"
version = "0.1.0"
dependencies = [
 "anyhow",
 "leb128",
 "wasmparser",
]

[[package]]
name = "leb128"
version = "0.2.4"
source = "registry+https://github.com/rust-lang/crates.io-index"
checksum = "3576a87f2ba00f6f106fdfcd16db1d698d648a26ad8e0573cad8537c3c362d2a"

[[package]]
name = "wasmparser"
version = "0.73.1"
source = "registry+https://github.com/rust-lang/crates.io-index"
checksum = "b8526ab131cbc49495a483c98954913ae7b83551adacab5e294cf77992e70ee7"
